
Microsoft Visual Studio Solution File, Format Version 12.00
# Visual Studio Version 17
VisualStudioVersion = 17.3.32901.215
MinimumVisualStudioVersion = 10.0.40219.1
Project("{FAE04EC0-301F-11D3-BF4B-00C04F79EFBC}") = "TermProjectX", "TermProjectX\TermProjectX.csproj", "{AAE5800F-2810-4350-8D61-DEBEF7E7BAE9}"
EndProject
Global
	GlobalSection(SolutionConfigurationPlatforms) = preSolution
		Debug|Any CPU = Debug|Any CPU
		Release|Any CPU = Release|Any CPU
	EndGlobalSection
	GlobalSection(ProjectConfigurationPlatforms) = postSolution
		{AAE5800F-2810-4350-8D61-DEBEF7E7BAE9}.Debug|Any CPU.ActiveCfg = Debug|Any CPU
		{AAE5800F-2810-4350-8D61-DEBEF7E7BAE9}.Debug|Any CPU.Build.0 = Debug|Any CPU
		{AAE5800F-2810-4350-8D61-DEBEF7E7BAE9}.Release|Any CPU.ActiveCfg = Release|Any CPU
		{AAE5800F-2810-4350-8D61-DEBEF7E7BAE9}.Release|Any CPU.Build.0 = Release|Any CPU
	EndGlobalSection
	GlobalSection(SolutionProperties) = preSolution
		HideSolutionNode = FALSE
	EndGlobalSection
	GlobalSection(ExtensibilityGlobals) = postSolution
		SolutionGuid = {40B5C680-6D41-4C3C-8B7B-C3BD1C602418}
	EndGlobalSection
EndGlobal
